
Microsoft Visual Studio Solution File, Format Version 12.00
# Visual Studio 15
VisualStudioVersion = 15.0.28307.168
MinimumVisualStudioVersion = 10.0.40219.1
Project("{FAE04EC0-301F-11D3-BF4B-00C04F79EFBC}") = "FinancialDashboard", "FinancialDashboard\FinancialDashboard.csproj", "{ED3A3509-280E-4630-8CEA-67926A5BE7AD}"
EndProject
Project("{FAE04EC0-301F-11D3-BF4B-00C04F79EFBC}") = "FinancialDashboard.Tests", "FinancialDashboard.Tests\FinancialDashboard.Tests.csproj", "{E3D9211C-53E1-434C-B383-4BA4DA0E4BAD}"
EndProject
Global
	GlobalSection(SolutionConfigurationPlatforms) = preSolution
		Debug|Any CPU = Debug|Any CPU
		Release|Any CPU = Release|Any CPU
	EndGlobalSection
	GlobalSection(ProjectConfigurationPlatforms) = postSolution
		{ED3A3509-280E-4630-8CEA-67926A5BE7AD}.Debug|Any CPU.ActiveCfg = Debug|Any CPU
		{ED3A3509-280E-4630-8CEA-67926A5BE7AD}.Debug|Any CPU.Build.0 = Debug|Any CPU
		{ED3A3509-280E-4630-8CEA-67926A5BE7AD}.Release|Any CPU.ActiveCfg = Release|Any CPU
		{ED3A3509-280E-4630-8CEA-67926A5BE7AD}.Release|Any CPU.Build.0 = Release|Any CPU
		{E3D9211C-53E1-434C-B383-4BA4DA0E4BAD}.Debug|Any CPU.ActiveCfg = Debug|Any CPU
		{E3D9211C-53E1-434C-B383-4BA4DA0E4BAD}.Debug|Any CPU.Build.0 = Debug|Any CPU
		{E3D9211C-53E1-434C-B383-4BA4DA0E4BAD}.Release|Any CPU.ActiveCfg = Release|Any CPU
		{E3D9211C-53E1-434C-B383-4BA4DA0E4BAD}.Release|Any CPU.Build.0 = Release|Any CPU
	EndGlobalSection
	GlobalSection(SolutionProperties) = preSolution
		HideSolutionNode = FALSE
	EndGlobalSection
	GlobalSection(ExtensibilityGlobals) = postSolution
		SolutionGuid = {629F12CB-493E-496E-A2DD-39D08AE8F332}
	EndGlobalSection
EndGlobal
